
Microsoft Visual Studio Solution File, Format Version 12.00
# Visual Studio Version 16
VisualStudioVersion = 16.0.32228.343
MinimumVisualStudioVersion = 10.0.40219.1
Project("{FAE04EC0-301F-11D3-BF4B-00C04F79EFBC}") = "WebOzyrys", "WebOzyrys.csproj", "{1870FD5A-EDD5-4F50-934A-F16A56E90CD9}"
EndProject
Global
	GlobalSection(SolutionConfigurationPlatforms) = preSolution
		Debug|Any CPU = Debug|Any CPU
		Release|Any CPU = Release|Any CPU
	EndGlobalSection
	GlobalSection(ProjectConfigurationPlatforms) = postSolution
		{1870FD5A-EDD5-4F50-934A-F16A56E90CD9}.Debug|Any CPU.ActiveCfg = Debug|Any CPU
		{1870FD5A-EDD5-4F50-934A-F16A56E90CD9}.Debug|Any CPU.Build.0 = Debug|Any CPU
		{1870FD5A-EDD5-4F50-934A-F16A56E90CD9}.Release|Any CPU.ActiveCfg = Release|Any CPU
		{1870FD5A-EDD5-4F50-934A-F16A56E90CD9}.Release|Any CPU.Build.0 = Release|Any CPU
	EndGlobalSection
	GlobalSection(SolutionProperties) = preSolution
		HideSolutionNode = FALSE
	EndGlobalSection
	GlobalSection(ExtensibilityGlobals) = postSolution
		SolutionGuid = {486EA622-2D41-4D78-B0EF-73447550C596}
	EndGlobalSection
EndGlobal
